PODS:
  - BTBubble (0.0.1):
    - SnapKit
  - SnapKit (5.6.0)

DEPENDENCIES:
  - BTBubble (from `../`)
  - SnapKit

SPEC REPOS:
  trunk:
    - SnapKit

EXTERNAL SOURCES:
  BTBubble:
    :path: "../"

SPEC CHECKSUMS:
  BTBubble: 75bbe92e3596b27bd46b0116401a348eee2978fe
  SnapKit: e01d52ebb8ddbc333eefe2132acf85c8227d9c25

PODFILE CHECKSUM: 183ed891eac6bf1191e28517bce96c625966fd0a

COCOAPODS: 1.11.2
